{
    "_readme": [
        "This file locks the dependencies of your project to a known state",
        "Read more about it at https://getcomposer.org/doc/01-basic-usage.md#installing-dependencies",
        "This file is @generated automatically"
    ],
    "content-hash": "0d69a79194775c63813a7de0e033f7f3",
    "packages": [
        {
            "name": "otra/otra",
            "version": "dev-develop",
            "source": {
                "type": "git",
                "url": "https://github.com/lperamo/otra.git",
                "reference": "fe8564dbdcdd3bcd46bc744b33031758e6384947"
            },
            "dist": {
                "type": "zip",
                "url": "https://api.github.com/repos/lperamo/otra/zipball/fe8564dbdcdd3bcd46bc744b33031758e6384947",
                "reference": "fe8564dbdcdd3bcd46bc744b33031758e6384947",
                "shasum": ""
            },
            "require": {
                "ext-fileinfo": "*",
                "ext-json": "*",
                "ext-mbstring": "*",
                "php": ">=8.0.0",
                "symfony/yaml": "^4.0"
            },
            "require-dev": {
                "ext-curl": "*",
                "ext-inotify": "*",
                "ext-openssl": "*",
                "ext-pdo": "*",
                "ext-pdo_mysql": "*",
                "ext-xdebug": "*",
                "ext-zlib": "*"
            },
            "suggest": {
                "ext-inotify": "Needed to use the OTRA genWatcher task.",
                "ext-openssl": "Needed to encrypt passwords securely",
                "ext-zend-opcache": "Needed to use the preloading feature available since PHP 7.4."
            },
            "bin": [
                "bin/otra.php"
            ],
            "type": "library",
            "notification-url": "https://packagist.org/downloads/",
            "license": [
                "X11"
            ],
            "authors": [
                {
                    "name": "Lionel Péramo",
                    "email": "lionel.peramo@wexample.com",
                    "homepage": "https://wexample.com"
                }
            ],
            "description": "The OTRA PHP framework",
            "homepage": "https://github.com/lperamo/otra",
            "keywords": [
                "framework"
            ],
            "support": {
                "issues": "https://github.com/lperamo/otra/issues",
                "source": "https://github.com/lperamo/otra/tree/develop"
            },
            "time": "2021-03-24T16:09:57+00:00"
        },
        {
            "name": "symfony/polyfill-ctype",
            "version": "dev-main",
            "source": {
                "type": "git",
                "url": "https://github.com/symfony/polyfill-ctype.git",
                "reference": "c6c942b1ac76c82448322025e084cadc56048b4e"
            },
            "dist": {
                "type": "zip",
                "url": "https://api.github.com/repos/symfony/polyfill-ctype/zipball/c6c942b1ac76c82448322025e084cadc56048b4e",
                "reference": "c6c942b1ac76c82448322025e084cadc56048b4e",
                "shasum": ""
            },
            "require": {
                "php": ">=7.1"
            },
            "suggest": {
                "ext-ctype": "For best performance"
            },
            "default-branch": true,
            "type": "library",
            "extra": {
                "branch-alias": {
                    "dev-main": "1.22-dev"
                },
                "thanks": {
                    "name": "symfony/polyfill",
                    "url": "https://github.com/symfony/polyfill"
                }
            },
            "autoload": {
                "psr-4": {
                    "Symfony\\Polyfill\\Ctype\\": ""
                },
                "files": [
                    "bootstrap.php"
                ]
            },
            "notification-url": "https://packagist.org/downloads/",
            "license": [
                "MIT"
            ],
            "authors": [
                {
                    "name": "Gert de Pagter",
                    "email": "BackEndTea@gmail.com"
                },
                {
                    "name": "Symfony Community",
                    "homepage": "https://symfony.com/contributors"
                }
            ],
            "description": "Symfony polyfill for ctype functions",
            "homepage": "https://symfony.com",
            "keywords": [
                "compatibility",
                "ctype",
                "polyfill",
                "portable"
            ],
            "support": {
                "source": "https://github.com/symfony/polyfill-ctype/tree/v1.22.1"
            },
            "funding": [
                {
                    "url": "https://symfony.com/sponsor",
                    "type": "custom"
                },
                {
                    "url": "https://github.com/fabpot",
                    "type": "github"
                },
                {
                    "url": "https://tidelift.com/funding/github/packagist/symfony/symfony",
                    "type": "tidelift"
                }
            ],
            "time": "2021-01-07T16:49:33+00:00"
        },
        {
            "name": "symfony/yaml",
            "version": "4.4.x-dev",
            "source": {
                "type": "git",
                "url": "https://github.com/symfony/yaml.git",
                "reference": "416d6c0c43f1a63be90added5902a3c9b73c91e8"
            },
            "dist": {
                "type": "zip",
                "url": "https://api.github.com/repos/symfony/yaml/zipball/416d6c0c43f1a63be90added5902a3c9b73c91e8",
                "reference": "416d6c0c43f1a63be90added5902a3c9b73c91e8",
                "shasum": ""
            },
            "require": {
                "php": ">=7.1.3",
                "symfony/polyfill-ctype": "~1.8"
            },
            "conflict": {
                "symfony/console": "<3.4"
            },
            "require-dev": {
                "symfony/console": "^3.4|^4.0|^5.0"
            },
            "suggest": {
                "symfony/console": "For validating YAML files using the lint command"
            },
            "type": "library",
            "autoload": {
                "psr-4": {
                    "Symfony\\Component\\Yaml\\": ""
                },
                "exclude-from-classmap": [
                    "/Tests/"
                ]
            },
            "notification-url": "https://packagist.org/downloads/",
            "license": [
                "MIT"
            ],
            "authors": [
                {
                    "name": "Fabien Potencier",
                    "email": "fabien@symfony.com"
                },
                {
                    "name": "Symfony Community",
                    "homepage": "https://symfony.com/contributors"
                }
            ],
            "description": "Loads and dumps YAML files",
            "homepage": "https://symfony.com",
            "support": {
                "source": "https://github.com/symfony/yaml/tree/4.4"
            },
            "funding": [
                {
                    "url": "https://symfony.com/sponsor",
                    "type": "custom"
                },
                {
                    "url": "https://github.com/fabpot",
                    "type": "github"
                },
                {
                    "url": "https://tidelift.com/funding/github/packagist/symfony/symfony",
                    "type": "tidelift"
                }
            ],
            "time": "2021-04-01T10:32:13+00:00"
        }
    ],
    "packages-dev": [],
    "aliases": [],
    "minimum-stability": "dev",
    "stability-flags": {
        "otra/otra": 20
    },
    "prefer-stable": false,
    "prefer-lowest": false,
    "platform": {
        "ext-mbstring": "*",
        "php": ">=7.4.0"
    },
    "platform-dev": [],
    "plugin-api-version": "2.0.0"
}
